
Microsoft Visual Studio Solution File, Format Version 11.00
# Visual Studio 2010
Project("{FAE04EC0-301F-11D3-BF4B-00C04F79EFBC}") = "MinimalGame", "MinimalGame\MinimalGame\MinimalGame.csproj", "{F1A04F9E-3057-4755-B334-1028281F1CB1}"
EndProject
Project("{96E2B04D-8817-42C6-938A-82C39BA4D311}") = "MinimalGameContent", "MinimalGame\MinimalGameContent\MinimalGameContent.contentproj", "{B387A5FF-81F9-4A42-8409-9655AD809B83}"
EndProject
Global
	GlobalSection(SolutionConfigurationPlatforms) = preSolution
		Debug|x86 = Debug|x86
		Release|x86 = Release|x86
	EndGlobalSection
	GlobalSection(ProjectConfigurationPlatforms) = postSolution
		{F1A04F9E-3057-4755-B334-1028281F1CB1}.Debug|x86.ActiveCfg = Debug|x86
		{F1A04F9E-3057-4755-B334-1028281F1CB1}.Debug|x86.Build.0 = Debug|x86
		{F1A04F9E-3057-4755-B334-1028281F1CB1}.Release|x86.ActiveCfg = Release|x86
		{F1A04F9E-3057-4755-B334-1028281F1CB1}.Release|x86.Build.0 = Release|x86
		{B387A5FF-81F9-4A42-8409-9655AD809B83}.Debug|x86.ActiveCfg = Debug|x86
		{B387A5FF-81F9-4A42-8409-9655AD809B83}.Release|x86.ActiveCfg = Release|x86
	EndGlobalSection
	GlobalSection(SolutionProperties) = preSolution
		HideSolutionNode = FALSE
	EndGlobalSection
EndGlobal
